// !$*UTF8*$!
{
	archiveVersion = 1;
	classes = {
	};
	objectVersion = 46;
	objects = {

/* Begin PBXBuildFile section */
		828C6F4D19EA8076002FE979 /* AppDelegate.swift in Sources */ = {isa = PBXBuildFile; fileRef = 828C6F4C19EA8076002FE979 /* AppDelegate.swift */; };
		828C6F4F19EA8076002FE979 /* ViewController.swift in Sources */ = {isa = PBXBuildFile; fileRef = 828C6F4E19EA8076002FE979 /* ViewController.swift */; };
		828C6F5219EA8076002FE979 /* Main.storyboard in Resources */ = {isa = PBXBuildFile; fileRef = 828C6F5019EA8076002FE979 /* Main.storyboard */; };
		828C6F5419EA8076002FE979 /* Images.xcassets in Resources */ = {isa = PBXBuildFile; fileRef = 828C6F5319EA8076002FE979 /* Images.xcassets */; };
		828C6F5719EA8076002FE979 /* LaunchScreen.xib in Resources */ = {isa = PBXBuildFile; fileRef = 828C6F5519EA8076002FE979 /* LaunchScreen.xib */; };
		828C6F6319EA8076002FE979 /* CheckedInTests.swift in Sources */ = {isa = PBXBuildFile; fileRef = 828C6F6219EA8076002FE979 /* CheckedInTests.swift */; };
		8F5C110419F4D6470038A36E /* ListEventsViewController.swift in Sources */ = {isa = PBXBuildFile; fileRef = 8F5C110319F4D6470038A36E /* ListEventsViewController.swift */; };
		8F5C110A19F4D7630038A36E /* iBeacon.swift in Sources */ = {isa = PBXBuildFile; fileRef = 8F5C110919F4D7630038A36E /* iBeacon.swift */; };
		8F5C110C19F4D7720038A36E /* User.swift in Sources */ = {isa = PBXBuildFile; fileRef = 8F5C110B19F4D7720038A36E /* User.swift */; };
		8F5C110E19F4D77F0038A36E /* Event.swift in Sources */ = {isa = PBXBuildFile; fileRef = 8F5C110D19F4D77F0038A36E /* Event.swift */; };
/* End PBXBuildFile section */

/* Begin PBXContainerItemProxy section */
		828C6F5D19EA8076002FE979 /* PBXContainerItemProxy */ = {
			isa = PBXContainerItemProxy;
			containerPortal = 828C6F3F19EA8076002FE979 /* Project object */;
			proxyType = 1;
			remoteGlobalIDString = 828C6F4619EA8076002FE979;
			remoteInfo = CheckedIn;
		};
/* End PBXContainerItemProxy section */

/* Begin PBXFileReference section */
		828C6F4719EA8076002FE979 /* CheckedIn.app */ = {isa = PBXFileReference; explicitFileType = wrapper.application; includeInIndex = 0; path = CheckedIn.app; sourceTree = BUILT_PRODUCTS_DIR; };
		828C6F4B19EA8076002FE979 /* Info.plist */ = {isa = PBXFileReference; lastKnownFileType = text.plist.xml; path = Info.plist; sourceTree = "<group>"; };
		828C6F4C19EA8076002FE979 /* AppDelegate.swift */ = {isa = PBXFileReference; lastKnownFileType = sourcecode.swift; path = AppDelegate.swift; sourceTree = "<group>"; };
		828C6F4E19EA8076002FE979 /* ViewController.swift */ = {isa = PBXFileReference; lastKnownFileType = sourcecode.swift; path = ViewController.swift; sourceTree = "<group>"; };
		828C6F5119EA8076002FE979 /* Base */ = {isa = PBXFileReference; lastKnownFileType = file.storyboard; name = Base; path = Base.lproj/Main.storyboard; sourceTree = "<group>"; };
		828C6F5319EA8076002FE979 /* Images.xcassets */ = {isa = PBXFileReference; lastKnownFileType = folder.assetcatalog; path = Images.xcassets; sourceTree = "<group>"; };
		828C6F5619EA8076002FE979 /* Base */ = {isa = PBXFileReference; lastKnownFileType = file.xib; name = Base; path = Base.lproj/LaunchScreen.xib; sourceTree = "<group>"; };
		828C6F5C19EA8076002FE979 /* CheckedInTests.xctest */ = {isa = PBXFileReference; explicitFileType = wrapper.cfbundle; includeInIndex = 0; path = CheckedInTests.xctest; sourceTree = BUILT_PRODUCTS_DIR; };
		828C6F6119EA8076002FE979 /* Info.plist */ = {isa = PBXFileReference; lastKnownFileType = text.plist.xml; path = Info.plist; sourceTree = "<group>"; };
		828C6F6219EA8076002FE979 /* CheckedInTests.swift */ = {isa = PBXFileReference; lastKnownFileType = sourcecode.swift; path = CheckedInTests.swift; sourceTree = "<group>"; };
		8F5C110319F4D6470038A36E /* ListEventsViewController.swift */ = {isa = PBXFileReference; fileEncoding = 4; lastKnownFileType = sourcecode.swift; path = ListEventsViewController.swift; sourceTree = "<group>"; };
		8F5C110919F4D7630038A36E /* iBeacon.swift */ = {isa = PBXFileReference; fileEncoding = 4; lastKnownFileType = sourcecode.swift; path = iBeacon.swift; sourceTree = "<group>"; };
		8F5C110B19F4D7720038A36E /* User.swift */ = {isa = PBXFileReference; fileEncoding = 4; lastKnownFileType = sourcecode.swift; path = User.swift; sourceTree = "<group>"; };
		8F5C110D19F4D77F0038A36E /* Event.swift */ = {isa = PBXFileReference; fileEncoding = 4; lastKnownFileType = sourcecode.swift; path = Event.swift; sourceTree = "<group>"; };
/* End PBXFileReference section */

/* Begin PBXFrameworksBuildPhase section */
		828C6F4419EA8076002FE979 /* Frameworks */ = {
			isa = PBXFrameworksBuildPhase;
			buildActionMask = 2147483647;
			files = (
			);
			runOnlyForDeploymentPostprocessing = 0;
		};
		828C6F5919EA8076002FE979 /* Frameworks */ = {
			isa = PBXFrameworksBuildPhase;
			buildActionMask = 2147483647;
			files = (
			);
			runOnlyForDeploymentPostprocessing = 0;
		};
/* End PBXFrameworksBuildPhase section */

/* Begin PBXGroup section */
		828C6F3E19EA8076002FE979 = {
			isa = PBXGroup;
			children = (
				828C6F4919EA8076002FE979 /* CheckedIn */,
				828C6F5F19EA8076002FE979 /* CheckedInTests */,
				828C6F4819EA8076002FE979 /* Products */,
			);
			sourceTree = "<group>";
		};
		828C6F4819EA8076002FE979 /* Products */ = {
			isa = PBXGroup;
			children = (
				828C6F4719EA8076002FE979 /* CheckedIn.app */,
				828C6F5C19EA8076002FE979 /* CheckedInTests.xctest */,
			);
			name = Products;
			sourceTree = "<group>";
		};
		828C6F4919EA8076002FE979 /* CheckedIn */ = {
			isa = PBXGroup;
			children = (
				8F5C110619F4D6CD0038A36E /* Models */,
				8F5C110519F4D6B60038A36E /* API */,
				8F5C110219F4D6370038A36E /* View Controllers */,
				828C6F4C19EA8076002FE979 /* AppDelegate.swift */,
				828C6F4E19EA8076002FE979 /* ViewController.swift */,
				828C6F5019EA8076002FE979 /* Main.storyboard */,
				828C6F5319EA8076002FE979 /* Images.xcassets */,
				828C6F5519EA8076002FE979 /* LaunchScreen.xib */,
				828C6F4A19EA8076002FE979 /* Supporting Files */,
			);
			path = CheckedIn;
			sourceTree = "<group>";
		};
		828C6F4A19EA8076002FE979 /* Supporting Files */ = {
			isa = PBXGroup;
			children = (
				828C6F4B19EA8076002FE979 /* Info.plist */,
			);
			name = "Supporting Files";
			sourceTree = "<group>";
		};
		828C6F5F19EA8076002FE979 /* CheckedInTests */ = {
			isa = PBXGroup;
			children = (
				828C6F6219EA8076002FE979 /* CheckedInTests.swift */,
				828C6F6019EA8076002FE979 /* Supporting Files */,
			);
			path = CheckedInTests;
			sourceTree = "<group>";
		};
		828C6F6019EA8076002FE979 /* Supporting Files */ = {
			isa = PBXGroup;
			children = (
				828C6F6119EA8076002FE979 /* Info.plist */,
			);
			name = "Supporting Files";
			sourceTree = "<group>";
		};
		8F5C110219F4D6370038A36E /* View Controllers */ = {
			isa = PBXGroup;
			children = (
				8F5C110319F4D6470038A36E /* ListEventsViewController.swift */,
			);
			path = "View Controllers";
			sourceTree = "<group>";
		};
		8F5C110519F4D6B60038A36E /* API */ = {
			isa = PBXGroup;
			children = (
			);
			path = API;
			sourceTree = "<group>";
		};
		8F5C110619F4D6CD0038A36E /* Models */ = {
			isa = PBXGroup;
			children = (
				8F5C110919F4D7630038A36E /* iBeacon.swift */,
				8F5C110B19F4D7720038A36E /* User.swift */,
				8F5C110D19F4D77F0038A36E /* Event.swift */,
			);
			path = Models;
			sourceTree = "<group>";
		};
/* End PBXGroup section */

/* Begin PBXNativeTarget section */
		828C6F4619EA8076002FE979 /* CheckedIn */ = {
			isa = PBXNativeTarget;
			buildConfigurationList = 828C6F6619EA8076002FE979 /* Build configuration list for PBXNativeTarget "CheckedIn" */;
			buildPhases = (
				828C6F4319EA8076002FE979 /* Sources */,
				828C6F4419EA8076002FE979 /* Frameworks */,
				828C6F4519EA8076002FE979 /* Resources */,
			);
			buildRules = (
			);
			dependencies = (
			);
			name = CheckedIn;
			productName = CheckedIn;
			productReference = 828C6F4719EA8076002FE979 /* CheckedIn.app */;
			productType = "com.apple.product-type.application";
		};
		828C6F5B19EA8076002FE979 /* CheckedInTests */ = {
			isa = PBXNativeTarget;
			buildConfigurationList = 828C6F6919EA8076002FE979 /* Build configuration list for PBXNativeTarget "CheckedInTests" */;
			buildPhases = (
				828C6F5819EA8076002FE979 /* Sources */,
				828C6F5919EA8076002FE979 /* Frameworks */,
				828C6F5A19EA8076002FE979 /* Resources */,
			);
			buildRules = (
			);
			dependencies = (
				828C6F5E19EA8076002FE979 /* PBXTargetDependency */,
			);
			name = CheckedInTests;
			productName = CheckedInTests;
			productReference = 828C6F5C19EA8076002FE979 /* CheckedInTests.xctest */;
			productType = "com.apple.product-type.bundle.unit-test";
		};
/* End PBXNativeTarget section */

/* Begin PBXProject section */
		828C6F3F19EA8076002FE979 /* Project object */ = {
			isa = PBXProject;
			attributes = {
				LastUpgradeCheck = 0600;
				ORGANIZATIONNAME = Group6;
				TargetAttributes = {
					828C6F4619EA8076002FE979 = {
						CreatedOnToolsVersion = 6.0.1;
					};
					828C6F5B19EA8076002FE979 = {
						CreatedOnToolsVersion = 6.0.1;
						TestTargetID = 828C6F4619EA8076002FE979;
					};
				};
			};
			buildConfigurationList = 828C6F4219EA8076002FE979 /* Build configuration list for PBXProject "CheckedIn" */;
			compatibilityVersion = "Xcode 3.2";
			developmentRegion = English;
			hasScannedForEncodings = 0;
			knownRegions = (
				en,
				Base,
			);
			mainGroup = 828C6F3E19EA8076002FE979;
			productRefGroup = 828C6F4819EA8076002FE979 /* Products */;
			projectDirPath = "";
			projectRoot = "";
			targets = (
				828C6F4619EA8076002FE979 /* CheckedIn */,
				828C6F5B19EA8076002FE979 /* CheckedInTests */,
			);
		};
/* End PBXProject section */

/* Begin PBXResourcesBuildPhase section */
		828C6F4519EA8076002FE979 /* Resources */ = {
			isa = PBXResourcesBuildPhase;
			buildActionMask = 2147483647;
			files = (
				828C6F5219EA8076002FE979 /* Main.storyboard in Resources */,
				828C6F5719EA8076002FE979 /* LaunchScreen.xib in Resources */,
				828C6F5419EA8076002FE979 /* Images.xcassets in Resources */,
			);
			runOnlyForDeploymentPostprocessing = 0;
		};
		828C6F5A19EA8076002FE979 /* Resources */ = {
			isa = PBXResourcesBuildPhase;
			buildActionMask = 2147483647;
			files = (
			);
			runOnlyForDeploymentPostprocessing = 0;
		};
/* End PBXResourcesBuildPhase section */

/* Begin PBXSourcesBuildPhase section */
		828C6F4319EA8076002FE979 /* Sources */ = {
			isa = PBXSourcesBuildPhase;
			buildActionMask = 2147483647;
			files = (
				828C6F4F19EA8076002FE979 /* ViewController.swift in Sources */,
				8F5C110C19F4D7720038A36E /* User.swift in Sources */,
				8F5C110419F4D6470038A36E /* ListEventsViewController.swift in Sources */,
				8F5C110A19F4D7630038A36E /* iBeacon.swift in Sources */,
				8F5C110E19F4D77F0038A36E /* Event.swift in Sources */,
				828C6F4D19EA8076002FE979 /* AppDelegate.swift in Sources */,
			);
			runOnlyForDeploymentPostprocessing = 0;
		};
		828C6F5819EA8076002FE979 /* Sources */ = {
			isa = PBXSourcesBuildPhase;
			buildActionMask = 2147483647;
			files = (
				828C6F6319EA8076002FE979 /* CheckedInTests.swift in Sources */,
			);
			runOnlyForDeploymentPostprocessing = 0;
		};
/* End PBXSourcesBuildPhase section */

/* Begin PBXTargetDependency section */
		828C6F5E19EA8076002FE979 /* PBXTargetDependency */ = {
			isa = PBXTargetDependency;
			target = 828C6F4619EA8076002FE979 /* CheckedIn */;
			targetProxy = 828C6F5D19EA8076002FE979 /* PBXContainerItemProxy */;
		};
/* End PBXTargetDependency section */

/* Begin PBXVariantGroup section */
		828C6F5019EA8076002FE979 /* Main.storyboard */ = {
			isa = PBXVariantGroup;
			children = (
				828C6F5119EA8076002FE979 /* Base */,
			);
			name = Main.storyboard;
			sourceTree = "<group>";
		};
		828C6F5519EA8076002FE979 /* LaunchScreen.xib */ = {
			isa = PBXVariantGroup;
			children = (
				828C6F5619EA8076002FE979 /* Base */,
			);
			name = LaunchScreen.xib;
			sourceTree = "<group>";
		};
/* End PBXVariantGroup section */

/* Begin XCBuildConfiguration section */
		828C6F6419EA8076002FE979 /* Debug */ = {
			isa = XCBuildConfiguration;
			buildSettings = {
				ALWAYS_SEARCH_USER_PATHS = NO;
				CLANG_CXX_LANGUAGE_STANDARD = "gnu++0x";
				CLANG_CXX_LIBRARY = "libc++";
				CLANG_ENABLE_MODULES = YES;
				CLANG_ENABLE_OBJC_ARC = YES;
				CLANG_WARN_BOOL_CONVERSION = YES;
				CLANG_WARN_CONSTANT_CONVERSION = YES;
				CLANG_WARN_DIRECT_OBJC_ISA_USAGE = YES_ERROR;
				CLANG_WARN_EMPTY_BODY = YES;
				CLANG_WARN_ENUM_CONVERSION = YES;
				CLANG_WARN_INT_CONVERSION = YES;
				CLANG_WARN_OBJC_ROOT_CLASS = YES_ERROR;
				CLANG_WARN_UNREACHABLE_CODE = YES;
				CLANG_WARN__DUPLICATE_METHOD_MATCH = YES;
				"CODE_SIGN_IDENTITY[sdk=iphoneos*]" = "iPhone Developer";
				COPY_PHASE_STRIP = NO;
				ENABLE_STRICT_OBJC_MSGSEND = YES;
				GCC_C_LANGUAGE_STANDARD = gnu99;
				GCC_DYNAMIC_NO_PIC = NO;
				GCC_OPTIMIZATION_LEVEL = 0;
				GCC_PREPROCESSOR_DEFINITIONS = (
					"DEBUG=1",
					"$(inherited)",
				);
				GCC_SYMBOLS_PRIVATE_EXTERN = NO;
				GCC_WARN_64_TO_32_BIT_CONVERSION = YES;
				GCC_WARN_ABOUT_RETURN_TYPE = YES_ERROR;
				GCC_WARN_UNDECLARED_SELECTOR = YES;
				GCC_WARN_UNINITIALIZED_AUTOS = YES_AGGRESSIVE;
				GCC_WARN_UNUSED_FUNCTION = YES;
				GCC_WARN_UNUSED_VARIABLE = YES;
				IPHONEOS_DEPLOYMENT_TARGET = 8.0;
				MTL_ENABLE_DEBUG_INFO = YES;
				ONLY_ACTIVE_ARCH = YES;
				SDKROOT = iphoneos;
				SWIFT_OPTIMIZATION_LEVEL = "-Onone";
				TARGETED_DEVICE_FAMILY = "1,2";
			};
			name = Debug;
		};
		828C6F6519EA8076002FE979 /* Release */ = {
			isa = XCBuildConfiguration;
			buildSettings = {
				ALWAYS_SEARCH_USER_PATHS = NO;
				CLANG_CXX_LANGUAGE_STANDARD = "gnu++0x";
				CLANG_CXX_LIBRARY = "libc++";
				CLANG_ENABLE_MODULES = YES;
				CLANG_ENABLE_OBJC_ARC = YES;
				CLANG_WARN_BOOL_CONVERSION = YES;
				CLANG_WARN_CONSTANT_CONVERSION = YES;
				CLANG_WARN_DIRECT_OBJC_ISA_USAGE = YES_ERROR;
				CLANG_WARN_EMPTY_BODY = YES;
				CLANG_WARN_ENUM_CONVERSION = YES;
				CLANG_WARN_INT_CONVERSION = YES;
				CLANG_WARN_OBJC_ROOT_CLASS = YES_ERROR;
				CLANG_WARN_UNREACHABLE_CODE = YES;
				CLANG_WARN__DUPLICATE_METHOD_MATCH = YES;
				"CODE_SIGN_IDENTITY[sdk=iphoneos*]" = "iPhone Developer";
				COPY_PHASE_STRIP = YES;
				ENABLE_NS_ASSERTIONS = NO;
				ENABLE_STRICT_OBJC_MSGSEND = YES;
				GCC_C_LANGUAGE_STANDARD = gnu99;
				GCC_WARN_64_TO_32_BIT_CONVERSION = YES;
				GCC_WARN_ABOUT_RETURN_TYPE = YES_ERROR;
				GCC_WARN_UNDECLARED_SELECTOR = YES;
				GCC_WARN_UNINITIALIZED_AUTOS = YES_AGGRESSIVE;
				GCC_WARN_UNUSED_FUNCTION = YES;
				GCC_WARN_UNUSED_VARIABLE = YES;
				IPHONEOS_DEPLOYMENT_TARGET = 8.0;
				MTL_ENABLE_DEBUG_INFO = NO;
				SDKROOT = iphoneos;
				TARGETED_DEVICE_FAMILY = "1,2";
				VALIDATE_PRODUCT = YES;
			};
			name = Release;
		};
		828C6F6719EA8076002FE979 /* Debug */ = {
			isa = XCBuildConfiguration;
			buildSettings = {
				ASSETCATALOG_COMPILER_APPICON_NAME = AppIcon;
				INFOPLIST_FILE = CheckedIn/Info.plist;
				LD_RUNPATH_SEARCH_PATHS = "$(inherited) @executable_path/Frameworks";
				PRODUCT_NAME = "$(TARGET_NAME)";
			};
			name = Debug;
		};
		828C6F6819EA8076002FE979 /* Release */ = {
			isa = XCBuildConfiguration;
			buildSettings = {
				ASSETCATALOG_COMPILER_APPICON_NAME = AppIcon;
				INFOPLIST_FILE = CheckedIn/Info.plist;
				LD_RUNPATH_SEARCH_PATHS = "$(inherited) @executable_path/Frameworks";
				PRODUCT_NAME = "$(TARGET_NAME)";
			};
			name = Release;
		};
		828C6F6A19EA8076002FE979 /* Debug */ = {
			isa = XCBuildConfiguration;
			buildSettings = {
				BUNDLE_LOADER = "$(TEST_HOST)";
				FRAMEWORK_SEARCH_PATHS = (
					"$(SDKROOT)/Developer/Library/Frameworks",
					"$(inherited)",
				);
				GCC_PREPROCESSOR_DEFINITIONS = (
					"DEBUG=1",
					"$(inherited)",
				);
				INFOPLIST_FILE = CheckedInTests/Info.plist;
				LD_RUNPATH_SEARCH_PATHS = "$(inherited) @executable_path/Frameworks @loader_path/Frameworks";
				PRODUCT_NAME = "$(TARGET_NAME)";
				TEST_HOST = "$(BUILT_PRODUCTS_DIR)/CheckedIn.app/CheckedIn";
			};
			name = Debug;
		};
		828C6F6B19EA8076002FE979 /* Release */ = {
			isa = XCBuildConfiguration;
			buildSettings = {
				BUNDLE_LOADER = "$(TEST_HOST)";
				FRAMEWORK_SEARCH_PATHS = (
					"$(SDKROOT)/Developer/Library/Frameworks",
					"$(inherited)",
				);
				INFOPLIST_FILE = CheckedInTests/Info.plist;
				LD_RUNPATH_SEARCH_PATHS = "$(inherited) @executable_path/Frameworks @loader_path/Frameworks";
				PRODUCT_NAME = "$(TARGET_NAME)";
				TEST_HOST = "$(BUILT_PRODUCTS_DIR)/CheckedIn.app/CheckedIn";
			};
			name = Release;
		};
/* End XCBuildConfiguration section */

/* Begin XCConfigurationList section */
		828C6F4219EA8076002FE979 /* Build configuration list for PBXProject "CheckedIn" */ = {
			isa = XCConfigurationList;
			buildConfigurations = (
				828C6F6419EA8076002FE979 /* Debug */,
				828C6F6519EA8076002FE979 /* Release */,
			);
			defaultConfigurationIsVisible = 0;
			defaultConfigurationName = Release;
		};
		828C6F6619EA8076002FE979 /* Build configuration list for PBXNativeTarget "CheckedIn" */ = {
			isa = XCConfigurationList;
			buildConfigurations = (
				828C6F6719EA8076002FE979 /* Debug */,
				828C6F6819EA8076002FE979 /* Release */,
			);
			defaultConfigurationIsVisible = 0;
			defaultConfigurationName = Release;
		};
		828C6F6919EA8076002FE979 /* Build configuration list for PBXNativeTarget "CheckedInTests" */ = {
			isa = XCConfigurationList;
			buildConfigurations = (
				828C6F6A19EA8076002FE979 /* Debug */,
				828C6F6B19EA8076002FE979 /* Release */,
			);
			defaultConfigurationIsVisible = 0;
			defaultConfigurationName = Release;
		};
/* End XCConfigurationList section */
	};
	rootObject = 828C6F3F19EA8076002FE979 /* Project object */;
}
